// !$*UTF8*$!
{
	archiveVersion = 1;
	classes = {
	};
	objectVersion = 46;
	objects = {

/* Begin PBXBuildFile section */
		8887B6FE1EDA64C100135C94 /* AppDelegate.swift in Sources */ = {isa = PBXBuildFile; fileRef = 8887B6FD1EDA64C100135C94 /* AppDelegate.swift */; };
		8887B7001EDA64C100135C94 /* ViewController.swift in Sources */ = {isa = PBXBuildFile; fileRef = 8887B6FF1EDA64C100135C94 /* ViewController.swift */; };
		8887B7031EDA64C100135C94 /* Main.storyboard in Resources */ = {isa = PBXBuildFile; fileRef = 8887B7011EDA64C100135C94 /* Main.storyboard */; };
		8887B7051EDA64C100135C94 /* Assets.xcassets in Resources */ = {isa = PBXBuildFile; fileRef = 8887B7041EDA64C100135C94 /* Assets.xcassets */; };
		8887B7081EDA64C100135C94 /* LaunchScreen.storyboard in Resources */ = {isa = PBXBuildFile; fileRef = 8887B7061EDA64C100135C94 /* LaunchScreen.storyboard */; };
		8887B7111EDA6A4600135C94 /* SagradaFamilia.jpeg in Resources */ = {isa = PBXBuildFile; fileRef = 8887B7101EDA6A4600135C94 /* SagradaFamilia.jpeg */; };
		8887B7131EDA6C9200135C94 /* AlbertEinsteinStamp.jpg in Resources */ = {isa = PBXBuildFile; fileRef = 8887B7121EDA6C9200135C94 /* AlbertEinsteinStamp.jpg */; };
/* End PBXBuildFile section */

/* Begin PBXFileReference section */
		8887B6FA1EDA64C100135C94 /* Postcard.app */ = {isa = PBXFileReference; explicitFileType = wrapper.application; includeInIndex = 0; path = Postcard.app; sourceTree = BUILT_PRODUCTS_DIR; };
		8887B6FD1EDA64C100135C94 /* AppDelegate.swift */ = {isa = PBXFileReference; lastKnownFileType = sourcecode.swift; path = AppDelegate.swift; sourceTree = "<group>"; };
		8887B6FF1EDA64C100135C94 /* ViewController.swift */ = {isa = PBXFileReference; lastKnownFileType = sourcecode.swift; path = ViewController.swift; sourceTree = "<group>"; };
		8887B7021EDA64C100135C94 /* Base */ = {isa = PBXFileReference; lastKnownFileType = file.storyboard; name = Base; path = Base.lproj/Main.storyboard; sourceTree = "<group>"; };
		8887B7041EDA64C100135C94 /* Assets.xcassets */ = {isa = PBXFileReference; lastKnownFileType = folder.assetcatalog; path = Assets.xcassets; sourceTree = "<group>"; };
		8887B7071EDA64C100135C94 /* Base */ = {isa = PBXFileReference; lastKnownFileType = file.storyboard; name = Base; path = Base.lproj/LaunchScreen.storyboard; sourceTree = "<group>"; };
		8887B7091EDA64C100135C94 /* Info.plist */ = {isa = PBXFileReference; lastKnownFileType = text.plist.xml; path = Info.plist; sourceTree = "<group>"; };
		8887B7101EDA6A4600135C94 /* SagradaFamilia.jpeg */ = {isa = PBXFileReference; lastKnownFileType = image.jpeg; path = SagradaFamilia.jpeg; sourceTree = "<group>"; };
		8887B7121EDA6C9200135C94 /* AlbertEinsteinStamp.jpg */ = {isa = PBXFileReference; lastKnownFileType = image.jpeg; path = AlbertEinsteinStamp.jpg; sourceTree = "<group>"; };
/* End PBXFileReference section */

/* Begin PBXFrameworksBuildPhase section */
		8887B6F71EDA64C100135C94 /* Frameworks */ = {
			isa = PBXFrameworksBuildPhase;
			buildActionMask = 2147483647;
			files = (
			);
			runOnlyForDeploymentPostprocessing = 0;
		};
/* End PBXFrameworksBuildPhase section */

/* Begin PBXGroup section */
		8887B6F11EDA64C100135C94 = {
			isa = PBXGroup;
			children = (
				8887B6FC1EDA64C100135C94 /* Postcard */,
				8887B6FB1EDA64C100135C94 /* Products */,
			);
			sourceTree = "<group>";
		};
		8887B6FB1EDA64C100135C94 /* Products */ = {
			isa = PBXGroup;
			children = (
				8887B6FA1EDA64C100135C94 /* Postcard.app */,
			);
			name = Products;
			sourceTree = "<group>";
		};
		8887B6FC1EDA64C100135C94 /* Postcard */ = {
			isa = PBXGroup;
			children = (
				8887B70F1EDA6A1200135C94 /* Supporting Files */,
				8887B6FD1EDA64C100135C94 /* AppDelegate.swift */,
				8887B6FF1EDA64C100135C94 /* ViewController.swift */,
				8887B7011EDA64C100135C94 /* Main.storyboard */,
				8887B7041EDA64C100135C94 /* Assets.xcassets */,
				8887B7061EDA64C100135C94 /* LaunchScreen.storyboard */,
				8887B7091EDA64C100135C94 /* Info.plist */,
			);
			path = Postcard;
			sourceTree = "<group>";
		};
		8887B70F1EDA6A1200135C94 /* Supporting Files */ = {
			isa = PBXGroup;
			children = (
				8887B7121EDA6C9200135C94 /* AlbertEinsteinStamp.jpg */,
				8887B7101EDA6A4600135C94 /* SagradaFamilia.jpeg */,
			);
			name = "Supporting Files";
			sourceTree = "<group>";
		};
/* End PBXGroup section */

/* Begin PBXNativeTarget section */
		8887B6F91EDA64C100135C94 /* Postcard */ = {
			isa = PBXNativeTarget;
			buildConfigurationList = 8887B70C1EDA64C100135C94 /* Build configuration list for PBXNativeTarget "Postcard" */;
			buildPhases = (
				8887B6F61EDA64C100135C94 /* Sources */,
				8887B6F71EDA64C100135C94 /* Frameworks */,
				8887B6F81EDA64C100135C94 /* Resources */,
			);
			buildRules = (
			);
			dependencies = (
			);
			name = Postcard;
			productName = Postcard;
			productReference = 8887B6FA1EDA64C100135C94 /* Postcard.app */;
			productType = "com.apple.product-type.application";
		};
/* End PBXNativeTarget section */

/* Begin PBXProject section */
		8887B6F21EDA64C100135C94 /* Project object */ = {
			isa = PBXProject;
			attributes = {
				LastSwiftUpdateCheck = 0800;
				LastUpgradeCheck = 0800;
				ORGANIZATIONNAME = "Colin Mullikin";
				TargetAttributes = {
					8887B6F91EDA64C100135C94 = {
						CreatedOnToolsVersion = 8.0;
						ProvisioningStyle = Automatic;
					};
				};
			};
			buildConfigurationList = 8887B6F51EDA64C100135C94 /* Build configuration list for PBXProject "Postcard" */;
			compatibilityVersion = "Xcode 3.2";
			developmentRegion = English;
			hasScannedForEncodings = 0;
			knownRegions = (
				en,
				Base,
			);
			mainGroup = 8887B6F11EDA64C100135C94;
			productRefGroup = 8887B6FB1EDA64C100135C94 /* Products */;
			projectDirPath = "";
			projectRoot = "";
			targets = (
				8887B6F91EDA64C100135C94 /* Postcard */,
			);
		};
/* End PBXProject section */

/* Begin PBXResourcesBuildPhase section */
		8887B6F81EDA64C100135C94 /* Resources */ = {
			isa = PBXResourcesBuildPhase;
			buildActionMask = 2147483647;
			files = (
				8887B7081EDA64C100135C94 /* LaunchScreen.storyboard in Resources */,
				8887B7111EDA6A4600135C94 /* SagradaFamilia.jpeg in Resources */,
				8887B7131EDA6C9200135C94 /* AlbertEinsteinStamp.jpg in Resources */,
				8887B7051EDA64C100135C94 /* Assets.xcassets in Resources */,
				8887B7031EDA64C100135C94 /* Main.storyboard in Resources */,
			);
			runOnlyForDeploymentPostprocessing = 0;
		};
/* End PBXResourcesBuildPhase section */

/* Begin PBXSourcesBuildPhase section */
		8887B6F61EDA64C100135C94 /* Sources */ = {
			isa = PBXSourcesBuildPhase;
			buildActionMask = 2147483647;
			files = (
				8887B7001EDA64C100135C94 /* ViewController.swift in Sources */,
				8887B6FE1EDA64C100135C94 /* AppDelegate.swift in Sources */,
			);
			runOnlyForDeploymentPostprocessing = 0;
		};
/* End PBXSourcesBuildPhase section */

/* Begin PBXVariantGroup section */
		8887B7011EDA64C100135C94 /* Main.storyboard */ = {
			isa = PBXVariantGroup;
			children = (
				8887B7021EDA64C100135C94 /* Base */,
			);
			name = Main.storyboard;
			sourceTree = "<group>";
		};
		8887B7061EDA64C100135C94 /* LaunchScreen.storyboard */ = {
			isa = PBXVariantGroup;
			children = (
				8887B7071EDA64C100135C94 /* Base */,
			);
			name = LaunchScreen.storyboard;
			sourceTree = "<group>";
		};
/* End PBXVariantGroup section */

/* Begin XCBuildConfiguration section */
		8887B70A1EDA64C100135C94 /* Debug */ = {
			isa = XCBuildConfiguration;
			buildSettings = {
				ALWAYS_SEARCH_USER_PATHS = NO;
				CLANG_ANALYZER_NONNULL = YES;
				CLANG_CXX_LANGUAGE_STANDARD = "gnu++0x";
				CLANG_CXX_LIBRARY = "libc++";
				CLANG_ENABLE_MODULES = YES;
				CLANG_ENABLE_OBJC_ARC = YES;
				CLANG_WARN_BOOL_CONVERSION = YES;
				CLANG_WARN_CONSTANT_CONVERSION = YES;
				CLANG_WARN_DIRECT_OBJC_ISA_USAGE = YES_ERROR;
				CLANG_WARN_DOCUMENTATION_COMMENTS = YES;
				CLANG_WARN_EMPTY_BODY = YES;
				CLANG_WARN_ENUM_CONVERSION = YES;
				CLANG_WARN_INFINITE_RECURSION = YES;
				CLANG_WARN_INT_CONVERSION = YES;
				CLANG_WARN_OBJC_ROOT_CLASS = YES_ERROR;
				CLANG_WARN_SUSPICIOUS_MOVES = YES;
				CLANG_WARN_UNREACHABLE_CODE = YES;
				CLANG_WARN__DUPLICATE_METHOD_MATCH = YES;
				"CODE_SIGN_IDENTITY[sdk=iphoneos*]" = "iPhone Developer";
				COPY_PHASE_STRIP = NO;
				DEBUG_INFORMATION_FORMAT = dwarf;
				ENABLE_STRICT_OBJC_MSGSEND = YES;
				ENABLE_TESTABILITY = YES;
				GCC_C_LANGUAGE_STANDARD = gnu99;
				GCC_DYNAMIC_NO_PIC = NO;
				GCC_NO_COMMON_BLOCKS = YES;
				GCC_OPTIMIZATION_LEVEL = 0;
				GCC_PREPROCESSOR_DEFINITIONS = (
					"DEBUG=1",
					"$(inherited)",
				);
				GCC_WARN_64_TO_32_BIT_CONVERSION = YES;
				GCC_WARN_ABOUT_RETURN_TYPE = YES_ERROR;
				GCC_WARN_UNDECLARED_SELECTOR = YES;
				GCC_WARN_UNINITIALIZED_AUTOS = YES_AGGRESSIVE;
				GCC_WARN_UNUSED_FUNCTION = YES;
				GCC_WARN_UNUSED_VARIABLE = YES;
				IPHONEOS_DEPLOYMENT_TARGET = 10.0;
				MTL_ENABLE_DEBUG_INFO = YES;
				ONLY_ACTIVE_ARCH = YES;
				SDKROOT = iphoneos;
				SWIFT_ACTIVE_COMPILATION_CONDITIONS = DEBUG;
				SWIFT_OPTIMIZATION_LEVEL = "-Onone";
				TARGETED_DEVICE_FAMILY = "1,2";
			};
			name = Debug;
		};
		8887B70B1EDA64C100135C94 /* Release */ = {
			isa = XCBuildConfiguration;
			buildSettings = {
				ALWAYS_SEARCH_USER_PATHS = NO;
				CLANG_ANALYZER_NONNULL = YES;
				CLANG_CXX_LANGUAGE_STANDARD = "gnu++0x";
				CLANG_CXX_LIBRARY = "libc++";
				CLANG_ENABLE_MODULES = YES;
				CLANG_ENABLE_OBJC_ARC = YES;
				CLANG_WARN_BOOL_CONVERSION = YES;
				CLANG_WARN_CONSTANT_CONVERSION = YES;
				CLANG_WARN_DIRECT_OBJC_ISA_USAGE = YES_ERROR;
				CLANG_WARN_DOCUMENTATION_COMMENTS = YES;
				CLANG_WARN_EMPTY_BODY = YES;
				CLANG_WARN_ENUM_CONVERSION = YES;
				CLANG_WARN_INFINITE_RECURSION = YES;
				CLANG_WARN_INT_CONVERSION = YES;
				CLANG_WARN_OBJC_ROOT_CLASS = YES_ERROR;
				CLANG_WARN_SUSPICIOUS_MOVES = YES;
				CLANG_WARN_UNREACHABLE_CODE = YES;
				CLANG_WARN__DUPLICATE_METHOD_MATCH = YES;
				"CODE_SIGN_IDENTITY[sdk=iphoneos*]" = "iPhone Developer";
				COPY_PHASE_STRIP = NO;
				DEBUG_INFORMATION_FORMAT = "dwarf-with-dsym";
				ENABLE_NS_ASSERTIONS = NO;
				ENABLE_STRICT_OBJC_MSGSEND = YES;
				GCC_C_LANGUAGE_STANDARD = gnu99;
				GCC_NO_COMMON_BLOCKS = YES;
				GCC_WARN_64_TO_32_BIT_CONVERSION = YES;
				GCC_WARN_ABOUT_RETURN_TYPE = YES_ERROR;
				GCC_WARN_UNDECLARED_SELECTOR = YES;
				GCC_WARN_UNINITIALIZED_AUTOS = YES_AGGRESSIVE;
				GCC_WARN_UNUSED_FUNCTION = YES;
				GCC_WARN_UNUSED_VARIABLE = YES;
				IPHONEOS_DEPLOYMENT_TARGET = 10.0;
				MTL_ENABLE_DEBUG_INFO = NO;
				SDKROOT = iphoneos;
				SWIFT_OPTIMIZATION_LEVEL = "-Owholemodule";
				TARGETED_DEVICE_FAMILY = "1,2";
				VALIDATE_PRODUCT = YES;
			};
			name = Release;
		};
		8887B70D1EDA64C100135C94 /* Debug */ = {
			isa = XCBuildConfiguration;
			buildSettings = {
				ASSETCATALOG_COMPILER_APPICON_NAME = AppIcon;
				INFOPLIST_FILE = Postcard/Info.plist;
				LD_RUNPATH_SEARCH_PATHS = "$(inherited) @executable_path/Frameworks";
				PRODUCT_BUNDLE_IDENTIFIER = com.CMullikin.Postcard;
				PRODUCT_NAME = "$(TARGET_NAME)";
				SWIFT_VERSION = 3.0;
			};
			name = Debug;
		};
		8887B70E1EDA64C100135C94 /* Release */ = {
			isa = XCBuildConfiguration;
			buildSettings = {
				ASSETCATALOG_COMPILER_APPICON_NAME = AppIcon;
				INFOPLIST_FILE = Postcard/Info.plist;
				LD_RUNPATH_SEARCH_PATHS = "$(inherited) @executable_path/Frameworks";
				PRODUCT_BUNDLE_IDENTIFIER = com.CMullikin.Postcard;
				PRODUCT_NAME = "$(TARGET_NAME)";
				SWIFT_VERSION = 3.0;
			};
			name = Release;
		};
/* End XCBuildConfiguration section */

/* Begin XCConfigurationList section */
		8887B6F51EDA64C100135C94 /* Build configuration list for PBXProject "Postcard" */ = {
			isa = XCConfigurationList;
			buildConfigurations = (
				8887B70A1EDA64C100135C94 /* Debug */,
				8887B70B1EDA64C100135C94 /* Release */,
			);
			defaultConfigurationIsVisible = 0;
			defaultConfigurationName = Release;
		};
		8887B70C1EDA64C100135C94 /* Build configuration list for PBXNativeTarget "Postcard" */ = {
			isa = XCConfigurationList;
			buildConfigurations = (
				8887B70D1EDA64C100135C94 /* Debug */,
				8887B70E1EDA64C100135C94 /* Release */,
			);
			defaultConfigurationIsVisible = 0;
		};
/* End XCConfigurationList section */
	};
	rootObject = 8887B6F21EDA64C100135C94 /* Project object */;
}
